{
  "lockfileVersion": 1,
  "configVersion": 0,
  "workspaces": {
    "": {
      "name": "@acepe/codex-acp",
      "optionalDependencies": {
        "@zed-industries/codex-acp-darwin-arm64": "0.9.5",
        "@zed-industries/codex-acp-darwin-x64": "0.9.5",
      },
    },
  },
  "packages": {
    "@zed-industries/codex-acp-darwin-arm64": ["@zed-industries/codex-acp-darwin-arm64@0.9.5", "", { "os": "darwin", "cpu": "arm64", "bin": { "codex-acp-darwin-arm64": "bin/codex-acp" } }, "sha512-VZsC/VOxY2/vCXV3/k09bKg1gQzaRnVoYoPgBF8JbZbPLLBiJZVCTGq5uND9wH8O3FAoIAEDm9icFsIL1eUd3g=="],

    "@zed-industries/codex-acp-darwin-x64": ["@zed-industries/codex-acp-darwin-x64@0.9.5", "", { "os": "darwin", "cpu": "x64", "bin": { "codex-acp-darwin-x64": "bin/codex-acp" } }, "sha512-K+HQzbdzfsCEFdjsMDT9mUXPAy/b63Har1Zzy+/bFRv8bVti52Nfv9SYnnHsEVVRSSwzStYbWNP9cXUywO2X1w=="],
  }
}
