{
  "name": "@acepe/codex-acp",
  "version": "0.1.0",
  "lockfileVersion": 3,
  "requires": true,
  "packages": {
    "": {
      "name": "@acepe/codex-acp",
      "version": "0.1.0",
      "optionalDependencies": {
        "@zed-industries/codex-acp-darwin-arm64": "0.9.5",
        "@zed-industries/codex-acp-darwin-x64": "0.9.5"
      }
    },
    "node_modules/@zed-industries/codex-acp-darwin-arm64": {
      "version": "0.9.5",
      "resolved": "https://registry.npmjs.org/@zed-industries/codex-acp-darwin-arm64/-/codex-acp-darwin-arm64-0.9.5.tgz",
      "integrity": "sha512-VZsC/VOxY2/vCXV3/k09bKg1gQzaRnVoYoPgBF8JbZbPLLBiJZVCTGq5uND9wH8O3FAoIAEDm9icFsIL1eUd3g==",
      "cpu": [
        "arm64"
      ],
      "license": "Apache-2.0",
      "optional": true,
      "os": [
        "darwin"
      ],
      "bin": {
        "codex-acp-darwin-arm64": "bin/codex-acp"
      }
    },
    "node_modules/@zed-industries/codex-acp-darwin-x64": {
      "version": "0.9.5",
      "resolved": "https://registry.npmjs.org/@zed-industries/codex-acp-darwin-x64/-/codex-acp-darwin-x64-0.9.5.tgz",
      "integrity": "sha512-K+HQzbdzfsCEFdjsMDT9mUXPAy/b63Har1Zzy+/bFRv8bVti52Nfv9SYnnHsEVVRSSwzStYbWNP9cXUywO2X1w==",
      "cpu": [
        "x64"
      ],
      "license": "Apache-2.0",
      "optional": true,
      "os": [
        "darwin"
      ],
      "bin": {
        "codex-acp-darwin-x64": "bin/codex-acp"
      }
    }
  }
}
